
Microsoft Visual Studio Solution File, Format Version 12.00
# Visual Studio Version 16
VisualStudioVersion = 16.0.31424.327
MinimumVisualStudioVersion = 10.0.40219.1
Project("{FAE04EC0-301F-11D3-BF4B-00C04F79EFBC}") = "DesafioMarlin", "DesafioMarlin\DesafioMarlin.csproj", "{A3063D6C-C10D-4743-94BE-ABA3522B8DA8}"
EndProject
Global
	GlobalSection(SolutionConfigurationPlatforms) = preSolution
		Debug|Any CPU = Debug|Any CPU
		Release|Any CPU = Release|Any CPU
	EndGlobalSection
	GlobalSection(ProjectConfigurationPlatforms) = postSolution
		{A3063D6C-C10D-4743-94BE-ABA3522B8DA8}.Debug|Any CPU.ActiveCfg = Debug|Any CPU
		{A3063D6C-C10D-4743-94BE-ABA3522B8DA8}.Debug|Any CPU.Build.0 = Debug|Any CPU
		{A3063D6C-C10D-4743-94BE-ABA3522B8DA8}.Release|Any CPU.ActiveCfg = Release|Any CPU
		{A3063D6C-C10D-4743-94BE-ABA3522B8DA8}.Release|Any CPU.Build.0 = Release|Any CPU
	EndGlobalSection
	GlobalSection(SolutionProperties) = preSolution
		HideSolutionNode = FALSE
	EndGlobalSection
	GlobalSection(ExtensibilityGlobals) = postSolution
		SolutionGuid = {65CAC59B-E197-48E7-9043-59A25D59CC5B}
	EndGlobalSection
EndGlobal
